<?xml version="1.0" encoding="utf-8"?>
<Project ToolsVersion="4.0" xmlns="http://schemas.microsoft.com/developer/msbuild/2003">
  <ItemGroup>
    <ClCompile Include="Engine\Batch.cpp">
      <Filter>Engine</Filter>
    </ClCompile>
    <ClCompile Include="Engine\BathRenderer.cpp">
      <Filter>Engine</Filter>
    </ClCompile>
    <ClCompile Include="Engine\Console.cpp">
      <Filter>Engine</Filter>
    </ClCompile>
    <ClCompile Include="Engine\Common\Includes.cpp">
      <Filter>Engine\Common</Filter>
    </ClCompile>
    <ClCompile Include="Engine\Debug\Profiler.cpp">
      <Filter>Engine\Debug</Filter>
    </ClCompile>
    <ClCompile Include="Engine\Dependancies\glad.c">
      <Filter>Engine\Dependancies</Filter>
    </ClCompile>
    <ClCompile Include="Engine\ResourceManager\Path.cpp">
      <Filter>Engine\Resource Manager</Filter>
    </ClCompile>
    <ClCompile Include="Engine\ResourceManager\Resource.cpp">
      <Filter>Engine\Resource Manager</Filter>
    </ClCompile>
    <ClCompile Include="Engine\ResourceManager\ResourceManager.cpp">
      <Filter>Engine\Resource Manager</Filter>
    </ClCompile>
    <ClCompile Include="Engine\System\MessageBus.cpp">
      <Filter>Engine\System</Filter>
    </ClCompile>
    <ClCompile Include="Engine\System\System.cpp">
      <Filter>Engine\System</Filter>
    </ClCompile>
    <ClCompile Include="Engine\Utility\Misc.cpp">
      <Filter>Engine\Utility</Filter>
    </ClCompile>
    <ClCompile Include="main.cpp">
      <Filter>Driver</Filter>
    </ClCompile>
    <ClCompile Include="Engine\ResourceManager\Resources\Shader.cpp">
      <Filter>Engine\Resource Manager\Resources</Filter>
    </ClCompile>
    <ClCompile Include="Engine\ResourceManager\Resources\Texture2D.cpp">
      <Filter>Engine\Resource Manager\Resources</Filter>
    </ClCompile>
    <ClCompile Include="Engine\ResourceManager\Resources\Material.cpp">
      <Filter>Engine\Resource Manager\Resources</Filter>
    </ClCompile>
    <ClCompile Include="Engine\ResourceManager\Resources\Mesh.cpp">
      <Filter>Engine\Resource Manager\Resources</Filter>
    </ClCompile>
    <ClCompile Include="Engine\ResourceManager\Resources\Model.cpp">
      <Filter>Engine\Resource Manager\Resources</Filter>
    </ClCompile>
  </ItemGroup>
  <ItemGroup>
    <ClInclude Include="Engine\Batch.h">
      <Filter>Engine</Filter>
    </ClInclude>
    <ClInclude Include="Engine\BatchRenderer.h">
      <Filter>Engine</Filter>
    </ClInclude>
    <ClInclude Include="Engine\Console.h">
      <Filter>Engine</Filter>
    </ClInclude>
    <ClInclude Include="Engine\Common\Includes.h">
      <Filter>Engine\Common</Filter>
    </ClInclude>
    <ClInclude Include="Engine\Common\Types.h">
      <Filter>Engine\Common</Filter>
    </ClInclude>
    <ClInclude Include="Engine\Debug\Profiler.h">
      <Filter>Engine\Debug</Filter>
    </ClInclude>
    <ClInclude Include="Engine\Memory\PoolAllocator.h">
      <Filter>Engine\Memory</Filter>
    </ClInclude>
    <ClInclude Include="Engine\Memory\StackAllocator.h">
      <Filter>Engine\Memory</Filter>
    </ClInclude>
    <ClInclude Include="Engine\ResourceManager\Path.h">
      <Filter>Engine\Resource Manager</Filter>
    </ClInclude>
    <ClInclude Include="Engine\ResourceManager\Resource.h">
      <Filter>Engine\Resource Manager</Filter>
    </ClInclude>
    <ClInclude Include="Engine\ResourceManager\ResourceManager.h">
      <Filter>Engine\Resource Manager</Filter>
    </ClInclude>
    <ClInclude Include="Engine\System\MessageBus.h">
      <Filter>Engine\System</Filter>
    </ClInclude>
    <ClInclude Include="Engine\System\System.h">
      <Filter>Engine\System</Filter>
    </ClInclude>
    <ClInclude Include="Engine\Utility\Misc.h">
      <Filter>Engine\Utility</Filter>
    </ClInclude>
    <ClInclude Include="Engine\ResourceManager\Resources\Shader.h">
      <Filter>Engine\Resource Manager\Resources</Filter>
    </ClInclude>
    <ClInclude Include="Engine\ResourceManager\Resources\Texture2D.h">
      <Filter>Engine\Resource Manager\Resources</Filter>
    </ClInclude>
    <ClInclude Include="Engine\ResourceManager\Resources\Material.h">
      <Filter>Engine\Resource Manager\Resources</Filter>
    </ClInclude>
    <ClInclude Include="Engine\ResourceManager\Resources\Mesh.h">
      <Filter>Engine\Resource Manager\Resources</Filter>
    </ClInclude>
    <ClInclude Include="Engine\ResourceManager\Resources\Model.h">
      <Filter>Engine\Resource Manager\Resources</Filter>
    </ClInclude>
  </ItemGroup>
  <ItemGroup>
    <Filter Include="Engine">
      <UniqueIdentifier>{c761d0cb-8150-41e5-9f9d-2b00f1222cea}</UniqueIdentifier>
    </Filter>
    <Filter Include="Driver">
      <UniqueIdentifier>{5a752892-92ab-44e1-915d-7df824202a04}</UniqueIdentifier>
    </Filter>
    <Filter Include="Engine\Common">
      <UniqueIdentifier>{6bcf372e-12e6-4602-85ee-7ec6995af364}</UniqueIdentifier>
    </Filter>
    <Filter Include="Engine\Dependancies">
      <UniqueIdentifier>{2015bf09-aa97-46ae-bbb5-872e41fc6745}</UniqueIdentifier>
    </Filter>
    <Filter Include="Engine\Utility">
      <UniqueIdentifier>{f8d06a80-ff83-489e-9587-c7530f88165e}</UniqueIdentifier>
    </Filter>
    <Filter Include="Engine\System">
      <UniqueIdentifier>{a0042c92-a5d9-44fc-8d01-8791a61e606c}</UniqueIdentifier>
    </Filter>
    <Filter Include="Engine\Resource Manager">
      <UniqueIdentifier>{b65cdc26-d783-4621-a3cd-e403d88ca858}</UniqueIdentifier>
    </Filter>
    <Filter Include="Engine\Memory">
      <UniqueIdentifier>{eb4fe116-d9f7-4f94-be42-a482fc340bd8}</UniqueIdentifier>
    </Filter>
    <Filter Include="Engine\Debug">
      <UniqueIdentifier>{6b616f6f-acc7-4de6-af6d-e875d6db9b3d}</UniqueIdentifier>
    </Filter>
    <Filter Include="Engine\Resource Manager\Resources">
      <UniqueIdentifier>{ac89a8fd-ddf4-4436-9ad0-396da38706ff}</UniqueIdentifier>
    </Filter>
  </ItemGroup>
  <ItemGroup>
    <None Include="Engine\Memory\PoolAllocator.tcc">
      <Filter>Engine\Memory</Filter>
    </None>
    <None Include="Engine\Memory\StackAllocator.tcc">
      <Filter>Engine\Memory</Filter>
    </None>
    <None Include="test.lshader">
      <Filter>Driver</Filter>
    </None>
    <None Include="testshader.vs">
      <Filter>Driver</Filter>
    </None>
    <None Include="testshader.fs">
      <Filter>Driver</Filter>
    </None>
  </ItemGroup>
</Project>