<?xml version="1.0" encoding="utf-8"?>
<Project ToolsVersion="4.0" xmlns="http://schemas.microsoft.com/developer/msbuild/2003">
  <ItemGroup>
    <Filter Include="Source Files">
      <UniqueIdentifier>{4FC737F1-C7A5-4376-A066-2A32D752A2FF}</UniqueIdentifier>
      <Extensions>cpp;c;cc;cxx;def;odl;idl;hpj;bat;asm;asmx</Extensions>
    </Filter>
    <Filter Include="Header Files">
      <UniqueIdentifier>{93995380-89BD-4b04-88EB-625FBE52EBFB}</UniqueIdentifier>
      <Extensions>h;hh;hpp;hxx;hm;inl;inc;xsd</Extensions>
    </Filter>
    <Filter Include="Resource Files">
      <UniqueIdentifier>{67DA6AB6-F800-4c08-8B7A-83BB121AAD01}</UniqueIdentifier>
      <Extensions>rc;ico;cur;bmp;dlg;rc2;rct;bin;rgs;gif;jpg;jpeg;jpe;resx;tiff;tif;png;wav;mfcribbon-ms</Extensions>
    </Filter>
    <Filter Include="Driver">
      <UniqueIdentifier>{1ee44e71-3ce5-45d0-a72c-8c061ddd51e6}</UniqueIdentifier>
    </Filter>
    <Filter Include="Engine">
      <UniqueIdentifier>{c50983f9-6f1c-4841-9f12-204cfd1d30a3}</UniqueIdentifier>
    </Filter>
    <Filter Include="Engine\Dependancies">
      <UniqueIdentifier>{29022321-7654-46a3-9486-1a91df0250a5}</UniqueIdentifier>
    </Filter>
    <Filter Include="Engine\Utility">
      <UniqueIdentifier>{aef18f65-d5af-4509-a383-5937aeebed99}</UniqueIdentifier>
    </Filter>
    <Filter Include="Engine\Common">
      <UniqueIdentifier>{b8ffa45f-4702-45ad-83f5-994268de16ad}</UniqueIdentifier>
    </Filter>
    <Filter Include="Engine\System">
      <UniqueIdentifier>{943aae20-68ef-41ba-9e4f-67eed16f1f93}</UniqueIdentifier>
    </Filter>
    <Filter Include="Engine\Debug">
      <UniqueIdentifier>{c5bf8213-70d1-4ebc-8f3b-7de65d557768}</UniqueIdentifier>
    </Filter>
    <Filter Include="Engine\Memory">
      <UniqueIdentifier>{3f01a742-e55a-4867-9b8d-64db17c8e21e}</UniqueIdentifier>
    </Filter>
  </ItemGroup>
  <ItemGroup>
    <ClCompile Include="main.cpp">
      <Filter>Driver</Filter>
    </ClCompile>
    <ClCompile Include="..\..\..\Dependencies\OpenGL\glad.c">
      <Filter>Engine\Dependancies</Filter>
    </ClCompile>
    <ClCompile Include="Console.cpp">
      <Filter>Engine</Filter>
    </ClCompile>
    <ClCompile Include="Includes.cpp">
      <Filter>Engine\Common</Filter>
    </ClCompile>
    <ClCompile Include="Misc.cpp">
      <Filter>Engine\Utility</Filter>
    </ClCompile>
    <ClCompile Include="System.cpp">
      <Filter>Engine\System</Filter>
    </ClCompile>
    <ClCompile Include="MessageBus.cpp">
      <Filter>Engine\System</Filter>
    </ClCompile>
    <ClCompile Include="Profiler.cpp">
      <Filter>Engine\Debug</Filter>
    </ClCompile>
  </ItemGroup>
  <ItemGroup>
    <ClInclude Include="Console.h">
      <Filter>Engine</Filter>
    </ClInclude>
    <ClInclude Include="Types.h">
      <Filter>Engine\Common</Filter>
    </ClInclude>
    <ClInclude Include="Includes.h">
      <Filter>Engine\Common</Filter>
    </ClInclude>
    <ClInclude Include="Misc.h">
      <Filter>Engine\Utility</Filter>
    </ClInclude>
    <ClInclude Include="System.h">
      <Filter>Engine\System</Filter>
    </ClInclude>
    <ClInclude Include="MessageBus.h">
      <Filter>Engine\System</Filter>
    </ClInclude>
    <ClInclude Include="Profiler.h">
      <Filter>Engine\Debug</Filter>
    </ClInclude>
    <ClInclude Include="PoolAllocator.h">
      <Filter>Engine\Memory</Filter>
    </ClInclude>
    <ClInclude Include="StackAllocator.h">
      <Filter>Engine\Memory</Filter>
    </ClInclude>
  </ItemGroup>
  <ItemGroup>
    <None Include="PoolAllocator.tcc">
      <Filter>Engine\Memory</Filter>
    </None>
    <None Include="StackAllocator.tcc">
      <Filter>Engine\Memory</Filter>
    </None>
  </ItemGroup>
</Project>